
Microsoft Visual Studio Solution File, Format Version 12.00
Project("{F2A71F9B-5D33-465A-A702-920D77279786}") = "Diagnostic", "Diagnostic\Diagnostic.fsproj", "{35BFC919-2A0A-4548-BCFA-7BDCE52BD5B7}"
EndProject
Project("{F2A71F9B-5D33-465A-A702-920D77279786}") = "Preprocessor", "Preprocessor\Preprocessor.fsproj", "{66EC9F76-AB37-4CA4-A5F6-CDFE3D37610F}"
EndProject
Project("{F2A71F9B-5D33-465A-A702-920D77279786}") = "Compiler", "Compiler\Compiler.fsproj", "{6454C0C1-18CB-454B-884B-98D328618D58}"
EndProject
Global
	GlobalSection(SolutionConfigurationPlatforms) = preSolution
		Debug|Any CPU = Debug|Any CPU
		Release|Any CPU = Release|Any CPU
	EndGlobalSection
	GlobalSection(ProjectConfigurationPlatforms) = postSolution
		{35BFC919-2A0A-4548-BCFA-7BDCE52BD5B7}.Debug|Any CPU.ActiveCfg = Debug|Any CPU
		{35BFC919-2A0A-4548-BCFA-7BDCE52BD5B7}.Debug|Any CPU.Build.0 = Debug|Any CPU
		{35BFC919-2A0A-4548-BCFA-7BDCE52BD5B7}.Release|Any CPU.ActiveCfg = Release|Any CPU
		{35BFC919-2A0A-4548-BCFA-7BDCE52BD5B7}.Release|Any CPU.Build.0 = Release|Any CPU
		{66EC9F76-AB37-4CA4-A5F6-CDFE3D37610F}.Debug|Any CPU.ActiveCfg = Debug|Any CPU
		{66EC9F76-AB37-4CA4-A5F6-CDFE3D37610F}.Debug|Any CPU.Build.0 = Debug|Any CPU
		{66EC9F76-AB37-4CA4-A5F6-CDFE3D37610F}.Release|Any CPU.ActiveCfg = Release|Any CPU
		{66EC9F76-AB37-4CA4-A5F6-CDFE3D37610F}.Release|Any CPU.Build.0 = Release|Any CPU
		{6454C0C1-18CB-454B-884B-98D328618D58}.Debug|Any CPU.ActiveCfg = Debug|Any CPU
		{6454C0C1-18CB-454B-884B-98D328618D58}.Debug|Any CPU.Build.0 = Debug|Any CPU
		{6454C0C1-18CB-454B-884B-98D328618D58}.Release|Any CPU.ActiveCfg = Release|Any CPU
		{6454C0C1-18CB-454B-884B-98D328618D58}.Release|Any CPU.Build.0 = Release|Any CPU
	EndGlobalSection
EndGlobal
